// !$*UTF8*$!
{
	archiveVersion = 1;
	classes = {
	};
	objectVersion = 77;
	objects = {

/* Begin PBXBuildFile section */
		7AAFC9B22DA7E10500BFE6BA /* FirebaseAnalytics in Frameworks */ = {isa = PBXBuildFile; productRef = 7AAFC9B12DA7E10500BFE6BA /* FirebaseAnalytics */; };
		7AAFC9B42DA7E10500BFE6BA /* FirebaseCrashlytics in Frameworks */ = {isa = PBXBuildFile; productRef = 7AAFC9B32DA7E10500BFE6BA /* FirebaseCrashlytics */; };
		7AAFC9B62DA7E10500BFE6BA /* FirebaseInAppMessaging-Beta in Frameworks */ = {isa = PBXBuildFile; productRef = 7AAFC9B52DA7E10500BFE6BA /* FirebaseInAppMessaging-Beta */; };
		7AAFC9B82DA7E10500BFE6BA /* FirebaseMessaging in Frameworks */ = {isa = PBXBuildFile; productRef = 7AAFC9B72DA7E10500BFE6BA /* FirebaseMessaging */; };
		7AAFC9BA2DA7E10500BFE6BA /* FirebasePerformance in Frameworks */ = {isa = PBXBuildFile; productRef = 7AAFC9B92DA7E10500BFE6BA /* FirebasePerformance */; };
		7AAFC9BD2DA7E22200BFE6BA /* RxBlocking in Frameworks */ = {isa = PBXBuildFile; productRef = 7AAFC9BC2DA7E22200BFE6BA /* RxBlocking */; };
		7AAFC9BF2DA7E22200BFE6BA /* RxCocoa in Frameworks */ = {isa = PBXBuildFile; productRef = 7AAFC9BE2DA7E22200BFE6BA /* RxCocoa */; };
		7AAFC9C12DA7E22200BFE6BA /* RxRelay in Frameworks */ = {isa = PBXBuildFile; productRef = 7AAFC9C02DA7E22200BFE6BA /* RxRelay */; };
		7AAFC9C32DA7E22200BFE6BA /* RxSwift in Frameworks */ = {isa = PBXBuildFile; productRef = 7AAFC9C22DA7E22200BFE6BA /* RxSwift */; };
		7AF9F7EC2DAD2C3600317732 /* Alamofire in Frameworks */ = {isa = PBXBuildFile; productRef = 7AF9F7EB2DAD2C3600317732 /* Alamofire */; };
		8914871A2DBEEF1C0082D7BC /* RealmSwift in Frameworks */ = {isa = PBXBuildFile; productRef = 891487192DBEEF1C0082D7BC /* RealmSwift */; };
		8914871B2DBEEF290082D7BC /* RealmSwift in Embed Frameworks */ = {isa = PBXBuildFile; productRef = 891487192DBEEF1C0082D7BC /* RealmSwift */; settings = {ATTRIBUTES = (CodeSignOnCopy, ); }; };
/* End PBXBuildFile section */

/* Begin PBXCopyFilesBuildPhase section */
		8914871C2DBEEF290082D7BC /* Embed Frameworks */ = {
			isa = PBXCopyFilesBuildPhase;
			buildActionMask = 2147483647;
			dstPath = "";
			dstSubfolderSpec = 10;
			files = (
				8914871B2DBEEF290082D7BC /* RealmSwift in Embed Frameworks */,
			);
			name = "Embed Frameworks";
			runOnlyForDeploymentPostprocessing = 0;
		};
/* End PBXCopyFilesBuildPhase section */

/* Begin PBXFileReference section */
		7AAFC99D2DA7E01D00BFE6BA /* livinghabit.app */ = {isa = PBXFileReference; explicitFileType = wrapper.application; includeInIndex = 0; path = livinghabit.app; sourceTree = BUILT_PRODUCTS_DIR; };
/* End PBXFileReference section */

/* Begin PBXFileSystemSynchronizedBuildFileExceptionSet section */
		89C5E9912DC196B3003F970C /* Exceptions for "livinghabit" folder in "livinghabit" target */ = {
			isa = PBXFileSystemSynchronizedBuildFileExceptionSet;
			membershipExceptions = (
				Info.plist,
			);
			target = 7AAFC99C2DA7E01D00BFE6BA /* livinghabit */;
		};
/* End PBXFileSystemSynchronizedBuildFileExceptionSet section */

/* Begin PBXFileSystemSynchronizedRootGroup section */
		7AAFC99F2DA7E01D00BFE6BA /* livinghabit */ = {
			isa = PBXFileSystemSynchronizedRootGroup;
			exceptions = (
				89C5E9912DC196B3003F970C /* Exceptions for "livinghabit" folder in "livinghabit" target */,
			);
			path = livinghabit;
			sourceTree = "<group>";
		};
/* End PBXFileSystemSynchronizedRootGroup section */

/* Begin PBXFrameworksBuildPhase section */
		7AAFC99A2DA7E01D00BFE6BA /* Frameworks */ = {
			isa = PBXFrameworksBuildPhase;
			buildActionMask = 2147483647;
			files = (
				7AAFC9C12DA7E22200BFE6BA /* RxRelay in Frameworks */,
				7AAFC9BF2DA7E22200BFE6BA /* RxCocoa in Frameworks */,
				7AAFC9BA2DA7E10500BFE6BA /* FirebasePerformance in Frameworks */,
				7AAFC9B82DA7E10500BFE6BA /* FirebaseMessaging in Frameworks */,
				7AAFC9B42DA7E10500BFE6BA /* FirebaseCrashlytics in Frameworks */,
				7AF9F7EC2DAD2C3600317732 /* Alamofire in Frameworks */,
				7AAFC9BD2DA7E22200BFE6BA /* RxBlocking in Frameworks */,
				7AAFC9B22DA7E10500BFE6BA /* FirebaseAnalytics in Frameworks */,
				8914871A2DBEEF1C0082D7BC /* RealmSwift in Frameworks */,
				7AAFC9B62DA7E10500BFE6BA /* FirebaseInAppMessaging-Beta in Frameworks */,
				7AAFC9C32DA7E22200BFE6BA /* RxSwift in Frameworks */,
			);
			runOnlyForDeploymentPostprocessing = 0;
		};
/* End PBXFrameworksBuildPhase section */

/* Begin PBXGroup section */
		7AAFC9942DA7E01D00BFE6BA = {
			isa = PBXGroup;
			children = (
				7AAFC99F2DA7E01D00BFE6BA /* livinghabit */,
				7AAFC99E2DA7E01D00BFE6BA /* Products */,
			);
			sourceTree = "<group>";
		};
		7AAFC99E2DA7E01D00BFE6BA /* Products */ = {
			isa = PBXGroup;
			children = (
				7AAFC99D2DA7E01D00BFE6BA /* livinghabit.app */,
			);
			name = Products;
			sourceTree = "<group>";
		};
/* End PBXGroup section */

/* Begin PBXNativeTarget section */
		7AAFC99C2DA7E01D00BFE6BA /* livinghabit */ = {
			isa = PBXNativeTarget;
			buildConfigurationList = 7AAFC9A82DA7E01E00BFE6BA /* Build configuration list for PBXNativeTarget "livinghabit" */;
			buildPhases = (
				7AAFC9992DA7E01D00BFE6BA /* Sources */,
				7AAFC99A2DA7E01D00BFE6BA /* Frameworks */,
				7AAFC99B2DA7E01D00BFE6BA /* Resources */,
				8914871C2DBEEF290082D7BC /* Embed Frameworks */,
			);
			buildRules = (
			);
			dependencies = (
			);
			fileSystemSynchronizedGroups = (
				7AAFC99F2DA7E01D00BFE6BA /* livinghabit */,
			);
			name = livinghabit;
			packageProductDependencies = (
				7AAFC9B12DA7E10500BFE6BA /* FirebaseAnalytics */,
				7AAFC9B32DA7E10500BFE6BA /* FirebaseCrashlytics */,
				7AAFC9B52DA7E10500BFE6BA /* FirebaseInAppMessaging-Beta */,
				7AAFC9B72DA7E10500BFE6BA /* FirebaseMessaging */,
				7AAFC9B92DA7E10500BFE6BA /* FirebasePerformance */,
				7AAFC9BC2DA7E22200BFE6BA /* RxBlocking */,
				7AAFC9BE2DA7E22200BFE6BA /* RxCocoa */,
				7AAFC9C02DA7E22200BFE6BA /* RxRelay */,
				7AAFC9C22DA7E22200BFE6BA /* RxSwift */,
				7AF9F7EB2DAD2C3600317732 /* Alamofire */,
				891487192DBEEF1C0082D7BC /* RealmSwift */,
			);
			productName = livinghabit;
			productReference = 7AAFC99D2DA7E01D00BFE6BA /* livinghabit.app */;
			productType = "com.apple.product-type.application";
		};
/* End PBXNativeTarget section */

/* Begin PBXProject section */
		7AAFC9952DA7E01D00BFE6BA /* Project object */ = {
			isa = PBXProject;
			attributes = {
				BuildIndependentTargetsInParallel = 1;
				LastSwiftUpdateCheck = 1630;
				LastUpgradeCheck = 1630;
				TargetAttributes = {
					7AAFC99C2DA7E01D00BFE6BA = {
						CreatedOnToolsVersion = 16.3;
					};
				};
			};
			buildConfigurationList = 7AAFC9982DA7E01D00BFE6BA /* Build configuration list for PBXProject "livinghabit" */;
			developmentRegion = en;
			hasScannedForEncodings = 0;
			knownRegions = (
				en,
				Base,
			);
			mainGroup = 7AAFC9942DA7E01D00BFE6BA;
			minimizedProjectReferenceProxies = 1;
			packageReferences = (
				7AAFC9B02DA7E10500BFE6BA /* XCRemoteSwiftPackageReference "firebase-ios-sdk" */,
				7AAFC9BB2DA7E22200BFE6BA /* XCRemoteSwiftPackageReference "RxSwift" */,
				7AF9F7EA2DAD2C3600317732 /* XCRemoteSwiftPackageReference "Alamofire" */,
				891487182DBEEF1C0082D7BC /* XCRemoteSwiftPackageReference "realm-swift" */,
			);
			preferredProjectObjectVersion = 77;
			productRefGroup = 7AAFC99E2DA7E01D00BFE6BA /* Products */;
			projectDirPath = "";
			projectRoot = "";
			targets = (
				7AAFC99C2DA7E01D00BFE6BA /* livinghabit */,
			);
		};
/* End PBXProject section */

/* Begin PBXResourcesBuildPhase section */
		7AAFC99B2DA7E01D00BFE6BA /* Resources */ = {
			isa = PBXResourcesBuildPhase;
			buildActionMask = 2147483647;
			files = (
			);
			runOnlyForDeploymentPostprocessing = 0;
		};
/* End PBXResourcesBuildPhase section */

/* Begin PBXSourcesBuildPhase section */
		7AAFC9992DA7E01D00BFE6BA /* Sources */ = {
			isa = PBXSourcesBuildPhase;
			buildActionMask = 2147483647;
			files = (
			);
			runOnlyForDeploymentPostprocessing = 0;
		};
/* End PBXSourcesBuildPhase section */

/* Begin XCBuildConfiguration section */
		7AAFC9A62DA7E01E00BFE6BA /* Debug */ = {
			isa = XCBuildConfiguration;
			buildSettings = {
				ALWAYS_SEARCH_USER_PATHS = NO;
				ASSETCATALOG_COMPILER_GENERATE_SWIFT_ASSET_SYMBOL_EXTENSIONS = YES;
				CLANG_ANALYZER_NONNULL = YES;
				CLANG_ANALYZER_NUMBER_OBJECT_CONVERSION = YES_AGGRESSIVE;
				CLANG_CXX_LANGUAGE_STANDARD = "gnu++20";
				CLANG_ENABLE_MODULES = YES;
				CLANG_ENABLE_OBJC_ARC = YES;
				CLANG_ENABLE_OBJC_WEAK = YES;
				CLANG_WARN_BLOCK_CAPTURE_AUTORELEASING = YES;
				CLANG_WARN_BOOL_CONVERSION = YES;
				CLANG_WARN_COMMA = YES;
				CLANG_WARN_CONSTANT_CONVERSION = YES;
				CLANG_WARN_DEPRECATED_OBJC_IMPLEMENTATIONS = YES;
				CLANG_WARN_DIRECT_OBJC_ISA_USAGE = YES_ERROR;
				CLANG_WARN_DOCUMENTATION_COMMENTS = YES;
				CLANG_WARN_EMPTY_BODY = YES;
				CLANG_WARN_ENUM_CONVERSION = YES;
				CLANG_WARN_INFINITE_RECURSION = YES;
				CLANG_WARN_INT_CONVERSION = YES;
				CLANG_WARN_NON_LITERAL_NULL_CONVERSION = YES;
				CLANG_WARN_OBJC_IMPLICIT_RETAIN_SELF = YES;
				CLANG_WARN_OBJC_LITERAL_CONVERSION = YES;
				CLANG_WARN_OBJC_ROOT_CLASS = YES_ERROR;
				CLANG_WARN_QUOTED_INCLUDE_IN_FRAMEWORK_HEADER = YES;
				CLANG_WARN_RANGE_LOOP_ANALYSIS = YES;
				CLANG_WARN_STRICT_PROTOTYPES = YES;
				CLANG_WARN_SUSPICIOUS_MOVE = YES;
				CLANG_WARN_UNGUARDED_AVAILABILITY = YES_AGGRESSIVE;
				CLANG_WARN_UNREACHABLE_CODE = YES;
				CLANG_WARN__DUPLICATE_METHOD_MATCH = YES;
				COPY_PHASE_STRIP = NO;
				DEBUG_INFORMATION_FORMAT = dwarf;
				DEVELOPMENT_TEAM = 76BZ9NUMH8;
				ENABLE_STRICT_OBJC_MSGSEND = YES;
				ENABLE_TESTABILITY = YES;
				ENABLE_USER_SCRIPT_SANDBOXING = YES;
				GCC_C_LANGUAGE_STANDARD = gnu17;
				GCC_DYNAMIC_NO_PIC = NO;
				GCC_NO_COMMON_BLOCKS = YES;
				GCC_OPTIMIZATION_LEVEL = 0;
				GCC_PREPROCESSOR_DEFINITIONS = (
					"DEBUG=1",
					"$(inherited)",
				);
				GCC_WARN_64_TO_32_BIT_CONVERSION = YES;
				GCC_WARN_ABOUT_RETURN_TYPE = YES_ERROR;
				GCC_WARN_UNDECLARED_SELECTOR = YES;
				GCC_WARN_UNINITIALIZED_AUTOS = YES_AGGRESSIVE;
				GCC_WARN_UNUSED_FUNCTION = YES;
				GCC_WARN_UNUSED_VARIABLE = YES;
				IPHONEOS_DEPLOYMENT_TARGET = 18.4;
				LOCALIZATION_PREFERS_STRING_CATALOGS = YES;
				MTL_ENABLE_DEBUG_INFO = INCLUDE_SOURCE;
				MTL_FAST_MATH = YES;
				ONLY_ACTIVE_ARCH = YES;
				SDKROOT = iphoneos;
				SWIFT_ACTIVE_COMPILATION_CONDITIONS = "DEBUG $(inherited)";
				SWIFT_OPTIMIZATION_LEVEL = "-Onone";
			};
			name = Debug;
		};
		7AAFC9A72DA7E01E00BFE6BA /* Release */ = {
			isa = XCBuildConfiguration;
			buildSettings = {
				ALWAYS_SEARCH_USER_PATHS = NO;
				ASSETCATALOG_COMPILER_GENERATE_SWIFT_ASSET_SYMBOL_EXTENSIONS = YES;
				CLANG_ANALYZER_NONNULL = YES;
				CLANG_ANALYZER_NUMBER_OBJECT_CONVERSION = YES_AGGRESSIVE;
				CLANG_CXX_LANGUAGE_STANDARD = "gnu++20";
				CLANG_ENABLE_MODULES = YES;
				CLANG_ENABLE_OBJC_ARC = YES;
				CLANG_ENABLE_OBJC_WEAK = YES;
				CLANG_WARN_BLOCK_CAPTURE_AUTORELEASING = YES;
				CLANG_WARN_BOOL_CONVERSION = YES;
				CLANG_WARN_COMMA = YES;
				CLANG_WARN_CONSTANT_CONVERSION = YES;
				CLANG_WARN_DEPRECATED_OBJC_IMPLEMENTATIONS = YES;
				CLANG_WARN_DIRECT_OBJC_ISA_USAGE = YES_ERROR;
				CLANG_WARN_DOCUMENTATION_COMMENTS = YES;
				CLANG_WARN_EMPTY_BODY = YES;
				CLANG_WARN_ENUM_CONVERSION = YES;
				CLANG_WARN_INFINITE_RECURSION = YES;
				CLANG_WARN_INT_CONVERSION = YES;
				CLANG_WARN_NON_LITERAL_NULL_CONVERSION = YES;
				CLANG_WARN_OBJC_IMPLICIT_RETAIN_SELF = YES;
				CLANG_WARN_OBJC_LITERAL_CONVERSION = YES;
				CLANG_WARN_OBJC_ROOT_CLASS = YES_ERROR;
				CLANG_WARN_QUOTED_INCLUDE_IN_FRAMEWORK_HEADER = YES;
				CLANG_WARN_RANGE_LOOP_ANALYSIS = YES;
				CLANG_WARN_STRICT_PROTOTYPES = YES;
				CLANG_WARN_SUSPICIOUS_MOVE = YES;
				CLANG_WARN_UNGUARDED_AVAILABILITY = YES_AGGRESSIVE;
				CLANG_WARN_UNREACHABLE_CODE = YES;
				CLANG_WARN__DUPLICATE_METHOD_MATCH = YES;
				COPY_PHASE_STRIP = NO;
				DEBUG_INFORMATION_FORMAT = "dwarf-with-dsym";
				DEVELOPMENT_TEAM = 76BZ9NUMH8;
				ENABLE_NS_ASSERTIONS = NO;
				ENABLE_STRICT_OBJC_MSGSEND = YES;
				ENABLE_USER_SCRIPT_SANDBOXING = YES;
				GCC_C_LANGUAGE_STANDARD = gnu17;
				GCC_NO_COMMON_BLOCKS = YES;
				GCC_WARN_64_TO_32_BIT_CONVERSION = YES;
				GCC_WARN_ABOUT_RETURN_TYPE = YES_ERROR;
				GCC_WARN_UNDECLARED_SELECTOR = YES;
				GCC_WARN_UNINITIALIZED_AUTOS = YES_AGGRESSIVE;
				GCC_WARN_UNUSED_FUNCTION = YES;
				GCC_WARN_UNUSED_VARIABLE = YES;
				IPHONEOS_DEPLOYMENT_TARGET = 18.4;
				LOCALIZATION_PREFERS_STRING_CATALOGS = YES;
				MTL_ENABLE_DEBUG_INFO = NO;
				MTL_FAST_MATH = YES;
				SDKROOT = iphoneos;
				SWIFT_COMPILATION_MODE = wholemodule;
				VALIDATE_PRODUCT = YES;
			};
			name = Release;
		};
		7AAFC9A92DA7E01E00BFE6BA /* Debug */ = {
			isa = XCBuildConfiguration;
			buildSettings = {
				ASSETCATALOG_COMPILER_APPICON_NAME = AppIcon;
				ASSETCATALOG_COMPILER_GLOBAL_ACCENT_COLOR_NAME = AccentColor;
				CODE_SIGN_ENTITLEMENTS = livinghabit/livinghabit.entitlements;
				CODE_SIGN_IDENTITY = "Apple Development";
				"CODE_SIGN_IDENTITY[sdk=iphoneos*]" = "iPhone Developer";
				CODE_SIGN_STYLE = Manual;
				CURRENT_PROJECT_VERSION = 1;
				DEVELOPMENT_TEAM = "";
				"DEVELOPMENT_TEAM[sdk=iphoneos*]" = GFSSMD5582;
				ENABLE_PREVIEWS = YES;
				GENERATE_INFOPLIST_FILE = YES;
				INFOPLIST_FILE = livinghabit/Info.plist;
				INFOPLIST_KEY_CFBundleDisplayName = "";
				INFOPLIST_KEY_LSApplicationCategoryType = "public.app-category.lifestyle";
				INFOPLIST_KEY_NSLocationAlwaysAndWhenInUseUsageDescription = "실시간으로 현재 위치에 맞는 정보를 제공하기 위해 권한이 필요합니다.";
				INFOPLIST_KEY_NSLocationWhenInUseUsageDescription = "실시간으로 현재 위치에 맞는 정보를 제공하기 위해 권한이 필요합니다.";
				INFOPLIST_KEY_UIApplicationSceneManifest_Generation = YES;
				INFOPLIST_KEY_UIApplicationSupportsIndirectInputEvents = YES;
				INFOPLIST_KEY_UILaunchScreen_Generation = YES;
				INFOPLIST_KEY_UISupportedInterfaceOrientations = UIInterfaceOrientationPortrait;
				INFOPLIST_KEY_UISupportedInterfaceOrientations_iPad = "UIInterfaceOrientationLandscapeLeft UIInterfaceOrientationLandscapeRight UIInterfaceOrientationPortrait UIInterfaceOrientationPortraitUpsideDown";
				IPHONEOS_DEPLOYMENT_TARGET = 17.0;
				LD_RUNPATH_SEARCH_PATHS = (
					"$(inherited)",
					"@executable_path/Frameworks",
				);
				MARKETING_VERSION = 1.0;
				PRODUCT_BUNDLE_IDENTIFIER = co.kr.oceanbleu.Livinghabit;
				PRODUCT_NAME = "$(TARGET_NAME)";
				PROVISIONING_PROFILE_SPECIFIER = "";
				"PROVISIONING_PROFILE_SPECIFIER[sdk=iphoneos*]" = Oceanbleu_Livinghabit_20250414;
				SUPPORTED_PLATFORMS = "iphoneos iphonesimulator";
				SUPPORTS_MACCATALYST = NO;
				SUPPORTS_MAC_DESIGNED_FOR_IPHONE_IPAD = NO;
				SWIFT_EMIT_LOC_STRINGS = YES;
				SWIFT_VERSION = 5.0;
				TARGETED_DEVICE_FAMILY = 1;
			};
			name = Debug;
		};
		7AAFC9AA2DA7E01E00BFE6BA /* Release */ = {
			isa = XCBuildConfiguration;
			buildSettings = {
				ASSETCATALOG_COMPILER_APPICON_NAME = AppIcon;
				ASSETCATALOG_COMPILER_GLOBAL_ACCENT_COLOR_NAME = AccentColor;
				CODE_SIGN_ENTITLEMENTS = livinghabit/livinghabit.entitlements;
				CODE_SIGN_IDENTITY = "Apple Development";
				"CODE_SIGN_IDENTITY[sdk=iphoneos*]" = "iPhone Developer";
				CODE_SIGN_STYLE = Manual;
				CURRENT_PROJECT_VERSION = 1;
				DEVELOPMENT_TEAM = "";
				"DEVELOPMENT_TEAM[sdk=iphoneos*]" = GFSSMD5582;
				ENABLE_PREVIEWS = YES;
				GENERATE_INFOPLIST_FILE = YES;
				INFOPLIST_FILE = livinghabit/Info.plist;
				INFOPLIST_KEY_CFBundleDisplayName = "";
				INFOPLIST_KEY_LSApplicationCategoryType = "public.app-category.lifestyle";
				INFOPLIST_KEY_NSLocationAlwaysAndWhenInUseUsageDescription = "실시간으로 현재 위치에 맞는 정보를 제공하기 위해 권한이 필요합니다.";
				INFOPLIST_KEY_NSLocationWhenInUseUsageDescription = "실시간으로 현재 위치에 맞는 정보를 제공하기 위해 권한이 필요합니다.";
				INFOPLIST_KEY_UIApplicationSceneManifest_Generation = YES;
				INFOPLIST_KEY_UIApplicationSupportsIndirectInputEvents = YES;
				INFOPLIST_KEY_UILaunchScreen_Generation = YES;
				INFOPLIST_KEY_UISupportedInterfaceOrientations = UIInterfaceOrientationPortrait;
				INFOPLIST_KEY_UISupportedInterfaceOrientations_iPad = "UIInterfaceOrientationLandscapeLeft UIInterfaceOrientationLandscapeRight UIInterfaceOrientationPortrait UIInterfaceOrientationPortraitUpsideDown";
				IPHONEOS_DEPLOYMENT_TARGET = 17.0;
				LD_RUNPATH_SEARCH_PATHS = (
					"$(inherited)",
					"@executable_path/Frameworks",
				);
				MARKETING_VERSION = 1.0;
				PRODUCT_BUNDLE_IDENTIFIER = co.kr.oceanbleu.Livinghabit;
				PRODUCT_NAME = "$(TARGET_NAME)";
				PROVISIONING_PROFILE_SPECIFIER = "";
				"PROVISIONING_PROFILE_SPECIFIER[sdk=iphoneos*]" = Oceanbleu_Livinghabit_20250414;
				SUPPORTED_PLATFORMS = "iphoneos iphonesimulator";
				SUPPORTS_MACCATALYST = NO;
				SUPPORTS_MAC_DESIGNED_FOR_IPHONE_IPAD = NO;
				SWIFT_EMIT_LOC_STRINGS = YES;
				SWIFT_VERSION = 5.0;
				TARGETED_DEVICE_FAMILY = 1;
			};
			name = Release;
		};
/* End XCBuildConfiguration section */

/* Begin XCConfigurationList section */
		7AAFC9982DA7E01D00BFE6BA /* Build configuration list for PBXProject "livinghabit" */ = {
			isa = XCConfigurationList;
			buildConfigurations = (
				7AAFC9A62DA7E01E00BFE6BA /* Debug */,
				7AAFC9A72DA7E01E00BFE6BA /* Release */,
			);
			defaultConfigurationIsVisible = 0;
			defaultConfigurationName = Release;
		};
		7AAFC9A82DA7E01E00BFE6BA /* Build configuration list for PBXNativeTarget "livinghabit" */ = {
			isa = XCConfigurationList;
			buildConfigurations = (
				7AAFC9A92DA7E01E00BFE6BA /* Debug */,
				7AAFC9AA2DA7E01E00BFE6BA /* Release */,
			);
			defaultConfigurationIsVisible = 0;
			defaultConfigurationName = Release;
		};
/* End XCConfigurationList section */

/* Begin XCRemoteSwiftPackageReference section */
		7AAFC9B02DA7E10500BFE6BA /* XCRemoteSwiftPackageReference "firebase-ios-sdk" */ = {
			isa = XCRemoteSwiftPackageReference;
			repositoryURL = "https://github.com/firebase/firebase-ios-sdk";
			requirement = {
				kind = upToNextMajorVersion;
				minimumVersion = 11.11.0;
			};
		};
		7AAFC9BB2DA7E22200BFE6BA /* XCRemoteSwiftPackageReference "RxSwift" */ = {
			isa = XCRemoteSwiftPackageReference;
			repositoryURL = "https://github.com/ReactiveX/RxSwift.git";
			requirement = {
				kind = upToNextMajorVersion;
				minimumVersion = 6.9.0;
			};
		};
		7AF9F7EA2DAD2C3600317732 /* XCRemoteSwiftPackageReference "Alamofire" */ = {
			isa = XCRemoteSwiftPackageReference;
			repositoryURL = "https://github.com/Alamofire/Alamofire.git";
			requirement = {
				kind = upToNextMajorVersion;
				minimumVersion = 5.10.2;
			};
		};
		891487182DBEEF1C0082D7BC /* XCRemoteSwiftPackageReference "realm-swift" */ = {
			isa = XCRemoteSwiftPackageReference;
			repositoryURL = "https://github.com/realm/realm-swift";
			requirement = {
				branch = master;
				kind = branch;
			};
		};
/* End XCRemoteSwiftPackageReference section */

/* Begin XCSwiftPackageProductDependency section */
		7AAFC9B12DA7E10500BFE6BA /* FirebaseAnalytics */ = {
			isa = XCSwiftPackageProductDependency;
			package = 7AAFC9B02DA7E10500BFE6BA /* XCRemoteSwiftPackageReference "firebase-ios-sdk" */;
			productName = FirebaseAnalytics;
		};
		7AAFC9B32DA7E10500BFE6BA /* FirebaseCrashlytics */ = {
			isa = XCSwiftPackageProductDependency;
			package = 7AAFC9B02DA7E10500BFE6BA /* XCRemoteSwiftPackageReference "firebase-ios-sdk" */;
			productName = FirebaseCrashlytics;
		};
		7AAFC9B52DA7E10500BFE6BA /* FirebaseInAppMessaging-Beta */ = {
			isa = XCSwiftPackageProductDependency;
			package = 7AAFC9B02DA7E10500BFE6BA /* XCRemoteSwiftPackageReference "firebase-ios-sdk" */;
			productName = "FirebaseInAppMessaging-Beta";
		};
		7AAFC9B72DA7E10500BFE6BA /* FirebaseMessaging */ = {
			isa = XCSwiftPackageProductDependency;
			package = 7AAFC9B02DA7E10500BFE6BA /* XCRemoteSwiftPackageReference "firebase-ios-sdk" */;
			productName = FirebaseMessaging;
		};
		7AAFC9B92DA7E10500BFE6BA /* FirebasePerformance */ = {
			isa = XCSwiftPackageProductDependency;
			package = 7AAFC9B02DA7E10500BFE6BA /* XCRemoteSwiftPackageReference "firebase-ios-sdk" */;
			productName = FirebasePerformance;
		};
		7AAFC9BC2DA7E22200BFE6BA /* RxBlocking */ = {
			isa = XCSwiftPackageProductDependency;
			package = 7AAFC9BB2DA7E22200BFE6BA /* XCRemoteSwiftPackageReference "RxSwift" */;
			productName = RxBlocking;
		};
		7AAFC9BE2DA7E22200BFE6BA /* RxCocoa */ = {
			isa = XCSwiftPackageProductDependency;
			package = 7AAFC9BB2DA7E22200BFE6BA /* XCRemoteSwiftPackageReference "RxSwift" */;
			productName = RxCocoa;
		};
		7AAFC9C02DA7E22200BFE6BA /* RxRelay */ = {
			isa = XCSwiftPackageProductDependency;
			package = 7AAFC9BB2DA7E22200BFE6BA /* XCRemoteSwiftPackageReference "RxSwift" */;
			productName = RxRelay;
		};
		7AAFC9C22DA7E22200BFE6BA /* RxSwift */ = {
			isa = XCSwiftPackageProductDependency;
			package = 7AAFC9BB2DA7E22200BFE6BA /* XCRemoteSwiftPackageReference "RxSwift" */;
			productName = RxSwift;
		};
		7AF9F7EB2DAD2C3600317732 /* Alamofire */ = {
			isa = XCSwiftPackageProductDependency;
			package = 7AF9F7EA2DAD2C3600317732 /* XCRemoteSwiftPackageReference "Alamofire" */;
			productName = Alamofire;
		};
		891487192DBEEF1C0082D7BC /* RealmSwift */ = {
			isa = XCSwiftPackageProductDependency;
			package = 891487182DBEEF1C0082D7BC /* XCRemoteSwiftPackageReference "realm-swift" */;
			productName = RealmSwift;
		};
/* End XCSwiftPackageProductDependency section */
	};
	rootObject = 7AAFC9952DA7E01D00BFE6BA /* Project object */;
}
